
Microsoft Visual Studio Solution File, Format Version 12.00
# Visual Studio 15
VisualStudioVersion = 15.0.27703.2047
MinimumVisualStudioVersion = 10.0.40219.1
Project("{FAE04EC0-301F-11D3-BF4B-00C04F79EFBC}") = "Astronergy.MES.Report.DataAccess", "Astronergy.MES.Report.DataAccess\Astronergy.MES.Report.DataAccess.csproj", "{F0124613-BF2F-4491-AA99-18E02459C5AD}"
EndProject
Project("{E24C65DC-7377-472B-9ABA-BC803B73C61A}") = "Astronergy.MES.Report.Website", "Astronergy.MES.Report.Website\", "{15B41C47-E460-4ADC-BA22-B4EA5FF2BD7E}"
	ProjectSection(WebsiteProperties) = preProject
		TargetFrameworkMoniker = ".NETFramework,Version%3Dv4.5"
		ProjectReferences = "{F0124613-BF2F-4491-AA99-18E02459C5AD}|Astronergy.MES.Report.DataAccess.dll;"
		Debug.AspNetCompiler.VirtualPath = "/Astronergy.MES.Report.Website"
		Debug.AspNetCompiler.PhysicalPath = "Astronergy.MES.Report.Website\"
		Debug.AspNetCompiler.TargetPath = "PrecompiledWeb\Astronergy.MES.Report.Website\"
		Debug.AspNetCompiler.Updateable = "true"
		Debug.AspNetCompiler.ForceOverwrite = "true"
		Debug.AspNetCompiler.FixedNames = "false"
		Debug.AspNetCompiler.Debug = "True"
		Release.AspNetCompiler.VirtualPath = "/Astronergy.MES.Report.Website"
		Release.AspNetCompiler.PhysicalPath = "Astronergy.MES.Report.Website\"
		Release.AspNetCompiler.TargetPath = "PrecompiledWeb\Astronergy.MES.Report.Website\"
		Release.AspNetCompiler.Updateable = "true"
		Release.AspNetCompiler.ForceOverwrite = "true"
		Release.AspNetCompiler.FixedNames = "false"
		Release.AspNetCompiler.Debug = "False"
		VWDPort = "52850"
		SlnRelativePath = "Astronergy.MES.Report.Website\"
	EndProjectSection
EndProject
Global
	GlobalSection(SolutionConfigurationPlatforms) = preSolution
		Debug|Any CPU = Debug|Any CPU
		Release|Any CPU = Release|Any CPU
	EndGlobalSection
	GlobalSection(ProjectConfigurationPlatforms) = postSolution
		{F0124613-BF2F-4491-AA99-18E02459C5AD}.Debug|Any CPU.ActiveCfg = Debug|Any CPU
		{F0124613-BF2F-4491-AA99-18E02459C5AD}.Debug|Any CPU.Build.0 = Debug|Any CPU
		{F0124613-BF2F-4491-AA99-18E02459C5AD}.Release|Any CPU.ActiveCfg = Release|Any CPU
		{F0124613-BF2F-4491-AA99-18E02459C5AD}.Release|Any CPU.Build.0 = Release|Any CPU
		{15B41C47-E460-4ADC-BA22-B4EA5FF2BD7E}.Debug|Any CPU.ActiveCfg = Debug|Any CPU
		{15B41C47-E460-4ADC-BA22-B4EA5FF2BD7E}.Debug|Any CPU.Build.0 = Debug|Any CPU
		{15B41C47-E460-4ADC-BA22-B4EA5FF2BD7E}.Release|Any CPU.ActiveCfg = Debug|Any CPU
		{15B41C47-E460-4ADC-BA22-B4EA5FF2BD7E}.Release|Any CPU.Build.0 = Debug|Any CPU
	EndGlobalSection
	GlobalSection(SolutionProperties) = preSolution
		HideSolutionNode = FALSE
	EndGlobalSection
	GlobalSection(ExtensibilityGlobals) = postSolution
		SolutionGuid = {B355557E-B0ED-40E1-A631-1B20322D3915}
	EndGlobalSection
EndGlobal
