
Microsoft Visual Studio Solution File, Format Version 12.00
# Visual Studio 15
VisualStudioVersion = 15.0.28010.2003
MinimumVisualStudioVersion = 10.0.40219.1
Project("{FAE04EC0-301F-11D3-BF4B-00C04F79EFBC}") = "Astronergy.MES.Tools.UpdateAssemblyInfo", "Astronergy.MES.Tools.UpdateAssemblyInfo\Astronergy.MES.Tools.UpdateAssemblyInfo.csproj", "{605C8CDB-F0AD-4A21-9F4A-959B8DECB0F3}"
EndProject
Project("{FAE04EC0-301F-11D3-BF4B-00C04F79EFBC}") = "Astronergy.MES.Tools.AutoUpdate", "Astronergy.MES.Tools.AutoUpdate\Astronergy.MES.Tools.AutoUpdate.csproj", "{1E2E60E9-CE02-4A9E-882D-FD766339BCB8}"
EndProject
Project("{FAE04EC0-301F-11D3-BF4B-00C04F79EFBC}") = "Astronergy.MES.Tools.AutoUpdateUI", "Astronergy.MES.Tools.AutoUpdateUI\Astronergy.MES.Tools.AutoUpdateUI.csproj", "{E0AA2950-950E-4B27-9B07-D4D6FB5E25E5}"
EndProject
Global
	GlobalSection(SubversionScc) = preSolution
		Svn-Managed = True
		Manager = AnkhSVN - Subversion Support for Visual Studio
	EndGlobalSection
	GlobalSection(SolutionConfigurationPlatforms) = preSolution
		Debug|Any CPU = Debug|Any CPU
		Release|Any CPU = Release|Any CPU
	EndGlobalSection
	GlobalSection(ProjectConfigurationPlatforms) = postSolution
		{605C8CDB-F0AD-4A21-9F4A-959B8DECB0F3}.Debug|Any CPU.ActiveCfg = Debug|Any CPU
		{605C8CDB-F0AD-4A21-9F4A-959B8DECB0F3}.Debug|Any CPU.Build.0 = Debug|Any CPU
		{605C8CDB-F0AD-4A21-9F4A-959B8DECB0F3}.Release|Any CPU.ActiveCfg = Release|Any CPU
		{605C8CDB-F0AD-4A21-9F4A-959B8DECB0F3}.Release|Any CPU.Build.0 = Release|Any CPU
		{1E2E60E9-CE02-4A9E-882D-FD766339BCB8}.Debug|Any CPU.ActiveCfg = Debug|Any CPU
		{1E2E60E9-CE02-4A9E-882D-FD766339BCB8}.Debug|Any CPU.Build.0 = Debug|Any CPU
		{1E2E60E9-CE02-4A9E-882D-FD766339BCB8}.Release|Any CPU.ActiveCfg = Release|Any CPU
		{1E2E60E9-CE02-4A9E-882D-FD766339BCB8}.Release|Any CPU.Build.0 = Release|Any CPU
		{E0AA2950-950E-4B27-9B07-D4D6FB5E25E5}.Debug|Any CPU.ActiveCfg = Debug|Any CPU
		{E0AA2950-950E-4B27-9B07-D4D6FB5E25E5}.Debug|Any CPU.Build.0 = Debug|Any CPU
		{E0AA2950-950E-4B27-9B07-D4D6FB5E25E5}.Release|Any CPU.ActiveCfg = Release|Any CPU
		{E0AA2950-950E-4B27-9B07-D4D6FB5E25E5}.Release|Any CPU.Build.0 = Release|Any CPU
	EndGlobalSection
	GlobalSection(SolutionProperties) = preSolution
		HideSolutionNode = FALSE
	EndGlobalSection
	GlobalSection(ExtensibilityGlobals) = postSolution
		SolutionGuid = {674E6E82-D077-40FC-9139-7A04143E0993}
	EndGlobalSection
EndGlobal
